
Microsoft Visual Studio Solution File, Format Version 12.00
# Visual Studio Version 17
VisualStudioVersion = 17.6.33829.357
MinimumVisualStudioVersion = 10.0.40219.1
Project("{FAE04EC0-301F-11D3-BF4B-00C04F79EFBC}") = "WebApiProject", "WebApiProject\WebApiProject.csproj", "{10238ED1-E2EC-4344-B177-9C684594362C}"
EndProject
Global
	GlobalSection(SolutionConfigurationPlatforms) = preSolution
		Debug|Any CPU = Debug|Any CPU
		Release|Any CPU = Release|Any CPU
	EndGlobalSection
	GlobalSection(ProjectConfigurationPlatforms) = postSolution
		{10238ED1-E2EC-4344-B177-9C684594362C}.Debug|Any CPU.ActiveCfg = Debug|Any CPU
		{10238ED1-E2EC-4344-B177-9C684594362C}.Debug|Any CPU.Build.0 = Debug|Any CPU
		{10238ED1-E2EC-4344-B177-9C684594362C}.Release|Any CPU.ActiveCfg = Release|Any CPU
		{10238ED1-E2EC-4344-B177-9C684594362C}.Release|Any CPU.Build.0 = Release|Any CPU
	EndGlobalSection
	GlobalSection(SolutionProperties) = preSolution
		HideSolutionNode = FALSE
	EndGlobalSection
	GlobalSection(ExtensibilityGlobals) = postSolution
		SolutionGuid = {0FEDD5F4-1B52-47C9-912D-E8BDC7B19496}
	EndGlobalSection
EndGlobal
